
Microsoft Visual Studio Solution File, Format Version 12.00
# Visual Studio 15
VisualStudioVersion = 15.0.28010.2016
MinimumVisualStudioVersion = 10.0.40219.1
Project("{FAE04EC0-301F-11D3-BF4B-00C04F79EFBC}") = "MyTestWebJustDotNet", "MyTestWebJustDotNet\MyTestWebJustDotNet.csproj", "{6A123F1A-D724-4AFB-B511-2AC2EF00B5F8}"
EndProject
Project("{FAE04EC0-301F-11D3-BF4B-00C04F79EFBC}") = "UnitTestProject2", "UnitTestProject2\UnitTestProject2.csproj", "{B4E0AB9B-5975-4B72-BA11-5421CE949B57}"
EndProject
Global
	GlobalSection(SolutionConfigurationPlatforms) = preSolution
		Debug|Any CPU = Debug|Any CPU
		Release|Any CPU = Release|Any CPU
	EndGlobalSection
	GlobalSection(ProjectConfigurationPlatforms) = postSolution
		{6A123F1A-D724-4AFB-B511-2AC2EF00B5F8}.Debug|Any CPU.ActiveCfg = Debug|Any CPU
		{6A123F1A-D724-4AFB-B511-2AC2EF00B5F8}.Debug|Any CPU.Build.0 = Debug|Any CPU
		{6A123F1A-D724-4AFB-B511-2AC2EF00B5F8}.Release|Any CPU.ActiveCfg = Release|Any CPU
		{6A123F1A-D724-4AFB-B511-2AC2EF00B5F8}.Release|Any CPU.Build.0 = Release|Any CPU
		{B4E0AB9B-5975-4B72-BA11-5421CE949B57}.Debug|Any CPU.ActiveCfg = Debug|Any CPU
		{B4E0AB9B-5975-4B72-BA11-5421CE949B57}.Debug|Any CPU.Build.0 = Debug|Any CPU
		{B4E0AB9B-5975-4B72-BA11-5421CE949B57}.Release|Any CPU.ActiveCfg = Release|Any CPU
		{B4E0AB9B-5975-4B72-BA11-5421CE949B57}.Release|Any CPU.Build.0 = Release|Any CPU
	EndGlobalSection
	GlobalSection(SolutionProperties) = preSolution
		HideSolutionNode = FALSE
	EndGlobalSection
	GlobalSection(ExtensibilityGlobals) = postSolution
		SolutionGuid = {1C36E85D-CFAD-40D5-8BE4-194D88766E79}
	EndGlobalSection
EndGlobal
