
Microsoft Visual Studio Solution File, Format Version 12.00
# Visual Studio 15
VisualStudioVersion = 15.0.28010.2016
MinimumVisualStudioVersion = 10.0.40219.1
Project("{FAE04EC0-301F-11D3-BF4B-00C04F79EFBC}") = "MyTestWebJustDotNet", "MyTestWebJustDotNet\MyTestWebJustDotNet.csproj", "{6A123F1A-D724-4AFB-B511-2AC2EF00B5F8}"
EndProject
Global
	GlobalSection(SolutionConfigurationPlatforms) = preSolution
		Debug|Any CPU = Debug|Any CPU
		Release|Any CPU = Release|Any CPU
	EndGlobalSection
	GlobalSection(ProjectConfigurationPlatforms) = postSolution
		{6A123F1A-D724-4AFB-B511-2AC2EF00B5F8}.Debug|Any CPU.ActiveCfg = Debug|Any CPU
		{6A123F1A-D724-4AFB-B511-2AC2EF00B5F8}.Debug|Any CPU.Build.0 = Debug|Any CPU
		{6A123F1A-D724-4AFB-B511-2AC2EF00B5F8}.Release|Any CPU.ActiveCfg = Release|Any CPU
		{6A123F1A-D724-4AFB-B511-2AC2EF00B5F8}.Release|Any CPU.Build.0 = Release|Any CPU
	EndGlobalSection
	GlobalSection(SolutionProperties) = preSolution
		HideSolutionNode = FALSE
	EndGlobalSection
	GlobalSection(ExtensibilityGlobals) = postSolution
		SolutionGuid = {1C36E85D-CFAD-40D5-8BE4-194D88766E79}
	EndGlobalSection
	GlobalSection(TeamFoundationVersionControl) = preSolution
		SccNumberOfProjects = 2
		SccEnterpriseProvider = {4CA58AB2-18FA-4F8D-95D4-32DDF27D184C}
		SccTeamFoundationServer = http://172.16.0.149:8080/tfs/cytssoftware
		SccLocalPath0 = .
		SccProjectUniqueName1 = MyTestWebJustDotNet\\MyTestWebJustDotNet.csproj
		SccProjectName1 = MyTestWebJustDotNet
		SccLocalPath1 = MyTestWebJustDotNet
	EndGlobalSection
EndGlobal
